
Microsoft Visual Studio Solution File, Format Version 12.00
Project("{FAE04EC0-301F-11D3-BF4B-00C04F79EFBC}") = "ReproOpenApi", "ReproOpenApi\ReproOpenApi.csproj", "{835CDF30-C8FC-4B95-9810-6EC69D2C9920}"
EndProject
Global
	GlobalSection(SolutionConfigurationPlatforms) = preSolution
		Debug|Any CPU = Debug|Any CPU
		Release|Any CPU = Release|Any CPU
	EndGlobalSection
	GlobalSection(ProjectConfigurationPlatforms) = postSolution
		{835CDF30-C8FC-4B95-9810-6EC69D2C9920}.Debug|Any CPU.ActiveCfg = Debug|Any CPU
		{835CDF30-C8FC-4B95-9810-6EC69D2C9920}.Debug|Any CPU.Build.0 = Debug|Any CPU
		{835CDF30-C8FC-4B95-9810-6EC69D2C9920}.Release|Any CPU.ActiveCfg = Release|Any CPU
		{835CDF30-C8FC-4B95-9810-6EC69D2C9920}.Release|Any CPU.Build.0 = Release|Any CPU
	EndGlobalSection
EndGlobal
